
Microsoft Visual Studio Solution File, Format Version 12.00
# Visual Studio Version 16
VisualStudioVersion = 16.0.31624.102
MinimumVisualStudioVersion = 10.0.40219.1
Project("{8BC9CEB8-8B4A-11D0-8D11-00A0C91BC942}") = "Project5", "Project5\Project5.vcxproj", "{2554EA7C-2130-486C-AAE2-05235E73AEDE}"
EndProject
Global
	GlobalSection(SolutionConfigurationPlatforms) = preSolution
		Debug|x64 = Debug|x64
		Debug|x86 = Debug|x86
		Release|x64 = Release|x64
		Release|x86 = Release|x86
	EndGlobalSection
	GlobalSection(ProjectConfigurationPlatforms) = postSolution
		{2554EA7C-2130-486C-AAE2-05235E73AEDE}.Debug|x64.ActiveCfg = Debug|x64
		{2554EA7C-2130-486C-AAE2-05235E73AEDE}.Debug|x64.Build.0 = Debug|x64
		{2554EA7C-2130-486C-AAE2-05235E73AEDE}.Debug|x86.ActiveCfg = Debug|Win32
		{2554EA7C-2130-486C-AAE2-05235E73AEDE}.Debug|x86.Build.0 = Debug|Win32
		{2554EA7C-2130-486C-AAE2-05235E73AEDE}.Release|x64.ActiveCfg = Release|x64
		{2554EA7C-2130-486C-AAE2-05235E73AEDE}.Release|x64.Build.0 = Release|x64
		{2554EA7C-2130-486C-AAE2-05235E73AEDE}.Release|x86.ActiveCfg = Release|Win32
		{2554EA7C-2130-486C-AAE2-05235E73AEDE}.Release|x86.Build.0 = Release|Win32
	EndGlobalSection
	GlobalSection(SolutionProperties) = preSolution
		HideSolutionNode = FALSE
	EndGlobalSection
	GlobalSection(ExtensibilityGlobals) = postSolution
		SolutionGuid = {53C90B4E-CEAC-410E-8D8B-A2E4AF8FF0AA}
	EndGlobalSection
EndGlobal
